dependencies:
  espressif/mdns:
    component_hash: af6306fe65d637a3683d1cf671508fcedd6b05f9ca029a8815abeab64001fb8d
    dependencies:
    - name: idf
      registry_url: https://components.espressif.com
      require: private
      version: '>=5.0'
    source:
      registry_url: https://components.espressif.com/
      type: service
    version: 1.4.0
  idf:
    source:
      type: idf
    version: 5.3.1
direct_dependencies:
- espressif/mdns
- idf
manifest_hash: b732c1f2e50b43e54ad227517af9d7793b17097bf1c1a96165a63b44bd348f14
target: esp32c6
version: 2.0.0
